{
  "object": {
    "pins": [
      {
        "package": "OrderedSet",
        "repositoryURL": "https://github.com/Saklad5/OrderedSet",
        "state": {
          "branch": "patch-1",
          "revision": "c6490dddf0ec3751b24b9ff47d65724597490acb",
          "version": null
        }
      },
      {
        "package": "swift-gen",
        "repositoryURL": "https://github.com/pointfreeco/swift-gen",
        "state": {
          "branch": null,
          "revision": "5bd20fb662e1ead7ee47df6bb0a15398295f2e06",
          "version": "0.4.0"
        }
      }
    ]
  },
  "version": 1
}
