{
  "object": {
    "pins": [
      {
        "package": "OrderedSet",
        "repositoryURL": "https://github.com/turbolent/OrderedSet",
        "state": {
          "branch": null,
          "revision": "2a45c3e1a247be1f874c0bf0d4abd8ac7d747d8b",
          "version": "0.2.0"
        }
      },
      {
        "package": "swift-gen",
        "repositoryURL": "https://github.com/pointfreeco/swift-gen",
        "state": {
          "branch": null,
          "revision": "5bd20fb662e1ead7ee47df6bb0a15398295f2e06",
          "version": "0.4.0"
        }
      }
    ]
  },
  "version": 1
}
