{
  "object": {
    "pins": [
      {
        "package": "OSet",
        "repositoryURL": "https://github.com/sciv-img/OSet",
        "state": {
          "branch": null,
          "revision": "66429b4564c552188c4564ad81c6b16f4fac5a62",
          "version": "0.4.0"
        }
      },
      {
        "package": "OrderedSet",
        "repositoryURL": "https://github.com/bradhilton/OrderedSet",
        "state": {
          "branch": null,
          "revision": "027fb128af31e8951cbbde9c377b18c90d8189cc",
          "version": null
        }
      },
      {
        "package": "RandomKit",
        "repositoryURL": "https://github.com/nvzqz/RandomKit",
        "state": {
          "branch": null,
          "revision": "06c51cbf8816a5f682aba03da353daf5640830ca",
          "version": "5.2.3"
        }
      },
      {
        "package": "Threadly",
        "repositoryURL": "https://github.com/nvzqz/Threadly.git",
        "state": {
          "branch": null,
          "revision": "261c101fd0a8a42dc3e16fb303d3a79f6e06100f",
          "version": "1.2.0"
        }
      }
    ]
  },
  "version": 1
}
