{
  "object": {
    "pins": [
      {
        "package": "OSet",
        "repositoryURL": "https://github.com/sciv-img/OSet",
        "state": {
          "branch": null,
          "revision": "8cd4d8e9a5d197f78fb52e2c6970b8e86584e360",
          "version": "0.7.0"
        }
      },
      {
        "package": "swift-gen",
        "repositoryURL": "https://github.com/pointfreeco/swift-gen",
        "state": {
          "branch": null,
          "revision": "5bd20fb662e1ead7ee47df6bb0a15398295f2e06",
          "version": "0.4.0"
        }
      }
    ]
  },
  "version": 1
}
