{
  "object": {
    "pins": [
      {
        "package": "OrderedSet",
        "repositoryURL": "https://github.com/Weebly/OrderedSet",
        "state": {
          "branch": null,
          "revision": "07d99831674bca6bf69967b70ced6cc19ca346ec",
          "version": "5.0.0"
        }
      },
      {
        "package": "swift-gen",
        "repositoryURL": "https://github.com/pointfreeco/swift-gen",
        "state": {
          "branch": null,
          "revision": "5bd20fb662e1ead7ee47df6bb0a15398295f2e06",
          "version": "0.4.0"
        }
      }
    ]
  },
  "version": 1
}
